
Microsoft Visual Studio Solution File, Format Version 12.00
# Visual Studio Version 17
VisualStudioVersion = 17.4.33403.182
MinimumVisualStudioVersion = 10.0.40219.1
Project("{FAE04EC0-301F-11D3-BF4B-00C04F79EFBC}") = "SBMSBlazorServerApp", "SBMSBlazorServerApp\SBMSBlazorServerApp.csproj", "{3E79BAE1-FA3D-4BEC-9F9F-0AC2837B8D0A}"
EndProject
Global
	GlobalSection(SolutionConfigurationPlatforms) = preSolution
		Debug|Any CPU = Debug|Any CPU
		Release|Any CPU = Release|Any CPU
	EndGlobalSection
	GlobalSection(ProjectConfigurationPlatforms) = postSolution
		{3E79BAE1-FA3D-4BEC-9F9F-0AC2837B8D0A}.Debug|Any CPU.ActiveCfg = Debug|Any CPU
		{3E79BAE1-FA3D-4BEC-9F9F-0AC2837B8D0A}.Debug|Any CPU.Build.0 = Debug|Any CPU
		{3E79BAE1-FA3D-4BEC-9F9F-0AC2837B8D0A}.Release|Any CPU.ActiveCfg = Release|Any CPU
		{3E79BAE1-FA3D-4BEC-9F9F-0AC2837B8D0A}.Release|Any CPU.Build.0 = Release|Any CPU
	EndGlobalSection
	GlobalSection(SolutionProperties) = preSolution
		HideSolutionNode = FALSE
	EndGlobalSection
	GlobalSection(ExtensibilityGlobals) = postSolution
		SolutionGuid = {CDE61023-72A8-4B91-94FC-931EC84CC630}
	EndGlobalSection
EndGlobal
